// !$*UTF8*$!
{
	archiveVersion = 1;
	classes = {
	};
	objectVersion = 55;
	objects = {

/* Begin PBXBuildFile section */
		1045BC082860855D005D50C1 /* FergieApp.swift in Sources */ = {isa = PBXBuildFile; fileRef = 1045BC072860855D005D50C1 /* FergieApp.swift */; };
		1045BC0A2860855D005D50C1 /* ContentView.swift in Sources */ = {isa = PBXBuildFile; fileRef = 1045BC092860855D005D50C1 /* ContentView.swift */; };
		1045BC0C28608560005D50C1 /* Assets.xcassets in Resources */ = {isa = PBXBuildFile; fileRef = 1045BC0B28608560005D50C1 /* Assets.xcassets */; };
		1045BC0F28608560005D50C1 /* Preview Assets.xcassets in Resources */ = {isa = PBXBuildFile; fileRef = 1045BC0E28608560005D50C1 /* Preview Assets.xcassets */; };
		1045BC1328608560005D50C1 /* Fergie.app in Embed Watch Content */ = {isa = PBXBuildFile; fileRef = 1045BC1228608560005D50C1 /* Fergie.app */; settings = {ATTRIBUTES = (RemoveHeadersOnCopy, ); }; };
		1045BC1828608561005D50C1 /* Assets.xcassets in Resources */ = {isa = PBXBuildFile; fileRef = 1045BC1728608561005D50C1 /* Assets.xcassets */; };
		1045BC1E28608562005D50C1 /* Fergie WatchKit Extension.appex in Embed App Extensions */ = {isa = PBXBuildFile; fileRef = 1045BC1D28608562005D50C1 /* Fergie WatchKit Extension.appex */; settings = {ATTRIBUTES = (RemoveHeadersOnCopy, ); }; };
		1045BC2328608562005D50C1 /* FergieApp.swift in Sources */ = {isa = PBXBuildFile; fileRef = 1045BC2228608562005D50C1 /* FergieApp.swift */; };
		1045BC2528608562005D50C1 /* ContentView.swift in Sources */ = {isa = PBXBuildFile; fileRef = 1045BC2428608562005D50C1 /* ContentView.swift */; };
		1045BC2728608562005D50C1 /* NotificationController.swift in Sources */ = {isa = PBXBuildFile; fileRef = 1045BC2628608562005D50C1 /* NotificationController.swift */; };
		1045BC2928608562005D50C1 /* NotificationView.swift in Sources */ = {isa = PBXBuildFile; fileRef = 1045BC2828608562005D50C1 /* NotificationView.swift */; };
		1045BC2B28608562005D50C1 /* ComplicationController.swift in Sources */ = {isa = PBXBuildFile; fileRef = 1045BC2A28608562005D50C1 /* ComplicationController.swift */; };
		1045BC2D28608563005D50C1 /* Assets.xcassets in Resources */ = {isa = PBXBuildFile; fileRef = 1045BC2C28608563005D50C1 /* Assets.xcassets */; };
		1045BC3028608563005D50C1 /* Preview Assets.xcassets in Resources */ = {isa = PBXBuildFile; fileRef = 1045BC2F28608563005D50C1 /* Preview Assets.xcassets */; };
		1045BC48286095DD005D50C1 /* DateExtension.swift in Sources */ = {isa = PBXBuildFile; fileRef = 1045BC47286095DD005D50C1 /* DateExtension.swift */; };
		1045BC49286095DD005D50C1 /* DateExtension.swift in Sources */ = {isa = PBXBuildFile; fileRef = 1045BC47286095DD005D50C1 /* DateExtension.swift */; };
		1045BC4C28609886005D50C1 /* TaskViewModel.swift in Sources */ = {isa = PBXBuildFile; fileRef = 1045BC4B28609886005D50C1 /* TaskViewModel.swift */; };
		1045BC4D28609886005D50C1 /* TaskViewModel.swift in Sources */ = {isa = PBXBuildFile; fileRef = 1045BC4B28609886005D50C1 /* TaskViewModel.swift */; };
		1045BC502860A022005D50C1 /* Fergie.xcdatamodeld in Sources */ = {isa = PBXBuildFile; fileRef = 1045BC4E2860A022005D50C1 /* Fergie.xcdatamodeld */; };
		1045BC512860A022005D50C1 /* Fergie.xcdatamodeld in Sources */ = {isa = PBXBuildFile; fileRef = 1045BC4E2860A022005D50C1 /* Fergie.xcdatamodeld */; };
		1045BC532860A35B005D50C1 /* Persistence.swift in Sources */ = {isa = PBXBuildFile; fileRef = 1045BC522860A35B005D50C1 /* Persistence.swift */; };
		1045BC542860A35B005D50C1 /* Persistence.swift in Sources */ = {isa = PBXBuildFile; fileRef = 1045BC522860A35B005D50C1 /* Persistence.swift */; };
		1045BC7628619EF4005D50C1 /* UserDefaults.swift in Sources */ = {isa = PBXBuildFile; fileRef = 1045BC7528619EF4005D50C1 /* UserDefaults.swift */; };
		1045BC7728619EF4005D50C1 /* UserDefaults.swift in Sources */ = {isa = PBXBuildFile; fileRef = 1045BC7528619EF4005D50C1 /* UserDefaults.swift */; };
		1058D58A286C35FA00BE5325 /* ProgressBar.swift in Sources */ = {isa = PBXBuildFile; fileRef = 1058D589286C35FA00BE5325 /* ProgressBar.swift */; };
		1061A5D6286933B8008F80A7 /* AnimatedImage.swift in Sources */ = {isa = PBXBuildFile; fileRef = 1061A5D5286933B8008F80A7 /* AnimatedImage.swift */; };
		1086B89F286597AF00810D7E /* TodayTaskListView.swift in Sources */ = {isa = PBXBuildFile; fileRef = 1086B89E286597AF00810D7E /* TodayTaskListView.swift */; };
		1086B8A12865A42E00810D7E /* FergieMoodView.swift in Sources */ = {isa = PBXBuildFile; fileRef = 1086B8A02865A42E00810D7E /* FergieMoodView.swift */; };
		1086B8A42865A79300810D7E /* CircularProgressView.swift in Sources */ = {isa = PBXBuildFile; fileRef = 1086B8A32865A79300810D7E /* CircularProgressView.swift */; };
		1086B8A52865A88D00810D7E /* Assets.xcassets in Resources */ = {isa = PBXBuildFile; fileRef = 1045BC0B28608560005D50C1 /* Assets.xcassets */; };
		1086B8A82865B50A00810D7E /* LinearProgressView.swift in Sources */ = {isa = PBXBuildFile; fileRef = 1086B8A72865B50A00810D7E /* LinearProgressView.swift */; };
		2B3F1DD32865BF82005F9E01 /* RepeatTodayTaskView.swift in Sources */ = {isa = PBXBuildFile; fileRef = 2B3F1DD22865BF82005F9E01 /* RepeatTodayTaskView.swift */; };
		2B3F1DD728699F2E005F9E01 /* NotificationManager.swift in Sources */ = {isa = PBXBuildFile; fileRef = 2B3F1DD628699F2E005F9E01 /* NotificationManager.swift */; };
		2B3F1DDF286B1247005F9E01 /* RepeatModalView.swift in Sources */ = {isa = PBXBuildFile; fileRef = 2B3F1DDE286B1247005F9E01 /* RepeatModalView.swift */; };
		2B7FB9EE2864A84800CEADAC /* EmptyTaskListCell.swift in Sources */ = {isa = PBXBuildFile; fileRef = 2B7FB9EB2864A84800CEADAC /* EmptyTaskListCell.swift */; };
		2B7FB9EF2864A84800CEADAC /* TaskListCell.swift in Sources */ = {isa = PBXBuildFile; fileRef = 2B7FB9EC2864A84800CEADAC /* TaskListCell.swift */; };
		2B7FB9F02864A84800CEADAC /* TaskView.swift in Sources */ = {isa = PBXBuildFile; fileRef = 2B7FB9ED2864A84800CEADAC /* TaskView.swift */; };
		5B251F74286464490073950C /* OnBoardingView.swift in Sources */ = {isa = PBXBuildFile; fileRef = 5B251F73286464490073950C /* OnBoardingView.swift */; };
		5B251F762865AF960073950C /* Accessory.swift in Sources */ = {isa = PBXBuildFile; fileRef = 5B251F752865AF960073950C /* Accessory.swift */; };
		5B251F782865AFF60073950C /* Clothing.swift in Sources */ = {isa = PBXBuildFile; fileRef = 5B251F772865AFF60073950C /* Clothing.swift */; };
		5B251F7A2865B0030073950C /* Pants.swift in Sources */ = {isa = PBXBuildFile; fileRef = 5B251F792865B0030073950C /* Pants.swift */; };
		5B251F7C2868BF570073950C /* EditAvatarView.swift in Sources */ = {isa = PBXBuildFile; fileRef = 5B251F7B2868BF570073950C /* EditAvatarView.swift */; };
		5B2C726628631DFF004F1379 /* AvatarView.swift in Sources */ = {isa = PBXBuildFile; fileRef = 5B2C726528631DFF004F1379 /* AvatarView.swift */; };
		1061A602286BC3BB008F80A7 /* WidgetKit.framework in Frameworks */ = {isa = PBXBuildFile; fileRef = 1061A601286BC3BB008F80A7 /* WidgetKit.framework */; };
		1061A604286BC3BB008F80A7 /* SwiftUI.framework in Frameworks */ = {isa = PBXBuildFile; fileRef = 1061A603286BC3BB008F80A7 /* SwiftUI.framework */; };
		1061A607286BC3BB008F80A7 /* FergieWidget.swift in Sources */ = {isa = PBXBuildFile; fileRef = 1061A606286BC3BB008F80A7 /* FergieWidget.swift */; };
		1061A60D286BC3BC008F80A7 /* FergieWidgetExtension.appex in Embed App Extensions */ = {isa = PBXBuildFile; fileRef = 1061A5FF286BC3BB008F80A7 /* FergieWidgetExtension.appex */; settings = {ATTRIBUTES = (RemoveHeadersOnCopy, ); }; };
		1061A613286BC3EA008F80A7 /* Fergie.xcdatamodeld in Sources */ = {isa = PBXBuildFile; fileRef = 1045BC4E2860A022005D50C1 /* Fergie.xcdatamodeld */; };
		1061A614286BC3FC008F80A7 /* UserDefaults.swift in Sources */ = {isa = PBXBuildFile; fileRef = 1045BC7528619EF4005D50C1 /* UserDefaults.swift */; };
		1061A61C286BC626008F80A7 /* FergieWidgetView.swift in Sources */ = {isa = PBXBuildFile; fileRef = 1061A61B286BC626008F80A7 /* FergieWidgetView.swift */; };
		1061A61D286BC6B0008F80A7 /* Persistence.swift in Sources */ = {isa = PBXBuildFile; fileRef = 1045BC522860A35B005D50C1 /* Persistence.swift */; };
		1061A61E286BC782008F80A7 /* TaskViewModel.swift in Sources */ = {isa = PBXBuildFile; fileRef = 1045BC4B28609886005D50C1 /* TaskViewModel.swift */; };
		1061A621286BD28B008F80A7 /* DateExtension.swift in Sources */ = {isa = PBXBuildFile; fileRef = 1045BC47286095DD005D50C1 /* DateExtension.swift */; };
/* End PBXBuildFile section */

/* Begin PBXContainerItemProxy section */
		1045BC1428608560005D50C1 /* PBXContainerItemProxy */ = {
			isa = PBXContainerItemProxy;
			containerPortal = 1045BBFC2860855C005D50C1 /* Project object */;
			proxyType = 1;
			remoteGlobalIDString = 1045BC1128608560005D50C1;
			remoteInfo = "Fergie WatchKit App";
		};
		1045BC1F28608562005D50C1 /* PBXContainerItemProxy */ = {
			isa = PBXContainerItemProxy;
			containerPortal = 1045BBFC2860855C005D50C1 /* Project object */;
			proxyType = 1;
			remoteGlobalIDString = 1045BC1C28608562005D50C1;
			remoteInfo = "Fergie WatchKit Extension";
		};
		1061A60B286BC3BC008F80A7 /* PBXContainerItemProxy */ = {
			isa = PBXContainerItemProxy;
			containerPortal = 1045BBFC2860855C005D50C1 /* Project object */;
			proxyType = 1;
			remoteGlobalIDString = 1061A5FE286BC3BB008F80A7;
			remoteInfo = FergieWidgetExtension;
		};
/* End PBXContainerItemProxy section */

/* Begin PBXCopyFilesBuildPhase section */
		1045BC3828608563005D50C1 /* Embed App Extensions */ = {
			isa = PBXCopyFilesBuildPhase;
			buildActionMask = 2147483647;
			dstPath = "";
			dstSubfolderSpec = 13;
			files = (
				1045BC1E28608562005D50C1 /* Fergie WatchKit Extension.appex in Embed App Extensions */,
			);
			name = "Embed App Extensions";
			runOnlyForDeploymentPostprocessing = 0;
		};
		1045BC3C28608563005D50C1 /* Embed Watch Content */ = {
			isa = PBXCopyFilesBuildPhase;
			buildActionMask = 2147483647;
			dstPath = "$(CONTENTS_FOLDER_PATH)/Watch";
			dstSubfolderSpec = 16;
			files = (
				1045BC1328608560005D50C1 /* Fergie.app in Embed Watch Content */,
			);
			name = "Embed Watch Content";
			runOnlyForDeploymentPostprocessing = 0;
		};
		1061A60E286BC3BC008F80A7 /* Embed App Extensions */ = {
			isa = PBXCopyFilesBuildPhase;
			buildActionMask = 2147483647;
			dstPath = "";
			dstSubfolderSpec = 13;
			files = (
				1061A60D286BC3BC008F80A7 /* FergieWidgetExtension.appex in Embed App Extensions */,
			);
			name = "Embed App Extensions";
			runOnlyForDeploymentPostprocessing = 0;
		};
/* End PBXCopyFilesBuildPhase section */

/* Begin PBXFileReference section */
		1045BC042860855D005D50C1 /* Fergie.app */ = {isa = PBXFileReference; explicitFileType = wrapper.application; includeInIndex = 0; path = Fergie.app; sourceTree = BUILT_PRODUCTS_DIR; };
		1045BC072860855D005D50C1 /* FergieApp.swift */ = {isa = PBXFileReference; lastKnownFileType = sourcecode.swift; path = FergieApp.swift; sourceTree = "<group>"; };
		1045BC092860855D005D50C1 /* ContentView.swift */ = {isa = PBXFileReference; lastKnownFileType = sourcecode.swift; path = ContentView.swift; sourceTree = "<group>"; };
		1045BC0B28608560005D50C1 /* Assets.xcassets */ = {isa = PBXFileReference; lastKnownFileType = folder.assetcatalog; path = Assets.xcassets; sourceTree = "<group>"; };
		1045BC0E28608560005D50C1 /* Preview Assets.xcassets */ = {isa = PBXFileReference; lastKnownFileType = folder.assetcatalog; path = "Preview Assets.xcassets"; sourceTree = "<group>"; };
		1045BC1228608560005D50C1 /* Fergie.app */ = {isa = PBXFileReference; explicitFileType = wrapper.application; includeInIndex = 0; path = Fergie.app; sourceTree = BUILT_PRODUCTS_DIR; };
		1045BC1728608561005D50C1 /* Assets.xcassets */ = {isa = PBXFileReference; lastKnownFileType = folder.assetcatalog; path = Assets.xcassets; sourceTree = "<group>"; };
		1045BC1D28608562005D50C1 /* Fergie WatchKit Extension.appex */ = {isa = PBXFileReference; explicitFileType = "wrapper.app-extension"; includeInIndex = 0; path = "Fergie WatchKit Extension.appex"; sourceTree = BUILT_PRODUCTS_DIR; };
		1045BC2228608562005D50C1 /* FergieApp.swift */ = {isa = PBXFileReference; lastKnownFileType = sourcecode.swift; path = FergieApp.swift; sourceTree = "<group>"; };
		1045BC2428608562005D50C1 /* ContentView.swift */ = {isa = PBXFileReference; lastKnownFileType = sourcecode.swift; path = ContentView.swift; sourceTree = "<group>"; };
		1045BC2628608562005D50C1 /* NotificationController.swift */ = {isa = PBXFileReference; lastKnownFileType = sourcecode.swift; path = NotificationController.swift; sourceTree = "<group>"; };
		1045BC2828608562005D50C1 /* NotificationView.swift */ = {isa = PBXFileReference; lastKnownFileType = sourcecode.swift; path = NotificationView.swift; sourceTree = "<group>"; };
		1045BC2A28608562005D50C1 /* ComplicationController.swift */ = {isa = PBXFileReference; lastKnownFileType = sourcecode.swift; path = ComplicationController.swift; sourceTree = "<group>"; };
		1045BC2C28608563005D50C1 /* Assets.xcassets */ = {isa = PBXFileReference; lastKnownFileType = folder.assetcatalog; path = Assets.xcassets; sourceTree = "<group>"; };
		1045BC2F28608563005D50C1 /* Preview Assets.xcassets */ = {isa = PBXFileReference; lastKnownFileType = folder.assetcatalog; path = "Preview Assets.xcassets"; sourceTree = "<group>"; };
		1045BC3128608563005D50C1 /* Info.plist */ = {isa = PBXFileReference; lastKnownFileType = text.plist.xml; path = Info.plist; sourceTree = "<group>"; };
		1045BC3228608563005D50C1 /* PushNotificationPayload.apns */ = {isa = PBXFileReference; lastKnownFileType = text; path = PushNotificationPayload.apns; sourceTree = "<group>"; };
		1045BC47286095DD005D50C1 /* DateExtension.swift */ = {isa = PBXFileReference; lastKnownFileType = sourcecode.swift; path = DateExtension.swift; sourceTree = "<group>"; };
		1045BC4B28609886005D50C1 /* TaskViewModel.swift */ = {isa = PBXFileReference; lastKnownFileType = sourcecode.swift; path = TaskViewModel.swift; sourceTree = "<group>"; };
		1045BC4F2860A022005D50C1 /* Fergie.xcdatamodel */ = {isa = PBXFileReference; lastKnownFileType = wrapper.xcdatamodel; path = Fergie.xcdatamodel; sourceTree = "<group>"; };
		1045BC522860A35B005D50C1 /* Persistence.swift */ = {isa = PBXFileReference; lastKnownFileType = sourcecode.swift; path = Persistence.swift; sourceTree = "<group>"; };
		1045BC7528619EF4005D50C1 /* UserDefaults.swift */ = {isa = PBXFileReference; lastKnownFileType = sourcecode.swift; path = UserDefaults.swift; sourceTree = "<group>"; };
		1058D589286C35FA00BE5325 /* ProgressBar.swift */ = {isa = PBXFileReference; lastKnownFileType = sourcecode.swift; path = ProgressBar.swift; sourceTree = "<group>"; };
		1061A5D5286933B8008F80A7 /* AnimatedImage.swift */ = {isa = PBXFileReference; lastKnownFileType = sourcecode.swift; path = AnimatedImage.swift; sourceTree = "<group>"; };
		1086B89E286597AF00810D7E /* TodayTaskListView.swift */ = {isa = PBXFileReference; lastKnownFileType = sourcecode.swift; path = TodayTaskListView.swift; sourceTree = "<group>"; };
		1086B8A02865A42E00810D7E /* FergieMoodView.swift */ = {isa = PBXFileReference; lastKnownFileType = sourcecode.swift; path = FergieMoodView.swift; sourceTree = "<group>"; };
		1086B8A32865A79300810D7E /* CircularProgressView.swift */ = {isa = PBXFileReference; lastKnownFileType = sourcecode.swift; path = CircularProgressView.swift; sourceTree = "<group>"; };
		1086B8A72865B50A00810D7E /* LinearProgressView.swift */ = {isa = PBXFileReference; lastKnownFileType = sourcecode.swift; path = LinearProgressView.swift; sourceTree = "<group>"; };
		2B3F1DD22865BF82005F9E01 /* RepeatTodayTaskView.swift */ = {isa = PBXFileReference; lastKnownFileType = sourcecode.swift; path = RepeatTodayTaskView.swift; sourceTree = "<group>"; };
		2B3F1DD628699F2E005F9E01 /* NotificationManager.swift */ = {isa = PBXFileReference; lastKnownFileType = sourcecode.swift; path = NotificationManager.swift; sourceTree = "<group>"; };
		2B3F1DDE286B1247005F9E01 /* RepeatModalView.swift */ = {isa = PBXFileReference; lastKnownFileType = sourcecode.swift; path = RepeatModalView.swift; sourceTree = "<group>"; };
		2B7FB9EB2864A84800CEADAC /* EmptyTaskListCell.swift */ = {isa = PBXFileReference; fileEncoding = 4; lastKnownFileType = sourcecode.swift; path = EmptyTaskListCell.swift; sourceTree = "<group>"; };
		2B7FB9EC2864A84800CEADAC /* TaskListCell.swift */ = {isa = PBXFileReference; fileEncoding = 4; lastKnownFileType = sourcecode.swift; path = TaskListCell.swift; sourceTree = "<group>"; };
		2B7FB9ED2864A84800CEADAC /* TaskView.swift */ = {isa = PBXFileReference; fileEncoding = 4; lastKnownFileType = sourcecode.swift; path = TaskView.swift; sourceTree = "<group>"; };
		5B251F73286464490073950C /* OnBoardingView.swift */ = {isa = PBXFileReference; lastKnownFileType = sourcecode.swift; name = OnBoardingView.swift; path = Fergie/OnBoardingView.swift; sourceTree = SOURCE_ROOT; };
		5B251F752865AF960073950C /* Accessory.swift */ = {isa = PBXFileReference; lastKnownFileType = sourcecode.swift; path = Accessory.swift; sourceTree = "<group>"; };
		5B251F772865AFF60073950C /* Clothing.swift */ = {isa = PBXFileReference; lastKnownFileType = sourcecode.swift; path = Clothing.swift; sourceTree = "<group>"; };
		5B251F792865B0030073950C /* Pants.swift */ = {isa = PBXFileReference; lastKnownFileType = sourcecode.swift; path = Pants.swift; sourceTree = "<group>"; };
		5B251F7B2868BF570073950C /* EditAvatarView.swift */ = {isa = PBXFileReference; lastKnownFileType = sourcecode.swift; path = EditAvatarView.swift; sourceTree = "<group>"; };
		5B2C726528631DFF004F1379 /* AvatarView.swift */ = {isa = PBXFileReference; lastKnownFileType = sourcecode.swift; path = AvatarView.swift; sourceTree = "<group>"; };
		1061A5FF286BC3BB008F80A7 /* FergieWidgetExtension.appex */ = {isa = PBXFileReference; explicitFileType = "wrapper.app-extension"; includeInIndex = 0; path = FergieWidgetExtension.appex; sourceTree = BUILT_PRODUCTS_DIR; };
		1061A601286BC3BB008F80A7 /* WidgetKit.framework */ = {isa = PBXFileReference; lastKnownFileType = wrapper.framework; name = WidgetKit.framework; path = System/Library/Frameworks/WidgetKit.framework; sourceTree = SDKROOT; };
		1061A603286BC3BB008F80A7 /* SwiftUI.framework */ = {isa = PBXFileReference; lastKnownFileType = wrapper.framework; name = SwiftUI.framework; path = System/Library/Frameworks/SwiftUI.framework; sourceTree = SDKROOT; };
		1061A606286BC3BB008F80A7 /* FergieWidget.swift */ = {isa = PBXFileReference; lastKnownFileType = sourcecode.swift; path = FergieWidget.swift; sourceTree = "<group>"; };
		1061A608286BC3BC008F80A7 /* Assets.xcassets */ = {isa = PBXFileReference; lastKnownFileType = folder.assetcatalog; path = Assets.xcassets; sourceTree = "<group>"; };
		1061A60A286BC3BC008F80A7 /* Info.plist */ = {isa = PBXFileReference; lastKnownFileType = text.plist.xml; path = Info.plist; sourceTree = "<group>"; };
		1061A615286BC4A0008F80A7 /* Fergie.entitlements */ = {isa = PBXFileReference; lastKnownFileType = text.plist.entitlements; path = Fergie.entitlements; sourceTree = "<group>"; };
		1061A61B286BC626008F80A7 /* FergieWidgetView.swift */ = {isa = PBXFileReference; lastKnownFileType = sourcecode.swift; path = FergieWidgetView.swift; sourceTree = "<group>"; };
/* End PBXFileReference section */

/* Begin PBXFrameworksBuildPhase section */
		1045BC012860855D005D50C1 /* Frameworks */ = {
			isa = PBXFrameworksBuildPhase;
			buildActionMask = 2147483647;
			files = (
			);
			runOnlyForDeploymentPostprocessing = 0;
		};
		1045BC1A28608562005D50C1 /* Frameworks */ = {
			isa = PBXFrameworksBuildPhase;
			buildActionMask = 2147483647;
			files = (
			);
			runOnlyForDeploymentPostprocessing = 0;
		};
		1061A5FC286BC3BB008F80A7 /* Frameworks */ = {
			isa = PBXFrameworksBuildPhase;
			buildActionMask = 2147483647;
			files = (
				1061A604286BC3BB008F80A7 /* SwiftUI.framework in Frameworks */,
				1061A602286BC3BB008F80A7 /* WidgetKit.framework in Frameworks */,
			);
			runOnlyForDeploymentPostprocessing = 0;
		};
/* End PBXFrameworksBuildPhase section */

/* Begin PBXGroup section */
		1045BBFB2860855C005D50C1 = {
			isa = PBXGroup;
			children = (
				1045BC062860855D005D50C1 /* Fergie */,
				1045BC1628608560005D50C1 /* Fergie WatchKit App */,
				1045BC2128608562005D50C1 /* Fergie WatchKit Extension */,
				1061A605286BC3BB008F80A7 /* FergieWidget */,
				1061A600286BC3BB008F80A7 /* Frameworks */,
				1045BC052860855D005D50C1 /* Products */,
			);
			sourceTree = "<group>";
		};
		1045BC052860855D005D50C1 /* Products */ = {
			isa = PBXGroup;
			children = (
				1045BC042860855D005D50C1 /* Fergie.app */,
				1045BC1228608560005D50C1 /* Fergie.app */,
				1045BC1D28608562005D50C1 /* Fergie WatchKit Extension.appex */,
				1061A5FF286BC3BB008F80A7 /* FergieWidgetExtension.appex */,
			);
			name = Products;
			sourceTree = "<group>";
		};
		1045BC062860855D005D50C1 /* Fergie */ = {
			isa = PBXGroup;
			children = (
				1061A615286BC4A0008F80A7 /* Fergie.entitlements */,
				1045BC46286095C9005D50C1 /* Extension */,
				1045BC4228608CFC005D50C1 /* ViewModel */,
				1045BC4128608CF9005D50C1 /* View */,
				1045BC4028608CF4005D50C1 /* Model */,
				1045BC072860855D005D50C1 /* FergieApp.swift */,
				2B3F1DD628699F2E005F9E01 /* NotificationManager.swift */,
				1045BC092860855D005D50C1 /* ContentView.swift */,
				1045BC0B28608560005D50C1 /* Assets.xcassets */,
				1045BC0D28608560005D50C1 /* Preview Content */,
				1045BC4E2860A022005D50C1 /* Fergie.xcdatamodeld */,
				1045BC522860A35B005D50C1 /* Persistence.swift */,
			);
			path = Fergie;
			sourceTree = "<group>";
		};
		1045BC0D28608560005D50C1 /* Preview Content */ = {
			isa = PBXGroup;
			children = (
				1045BC0E28608560005D50C1 /* Preview Assets.xcassets */,
			);
			path = "Preview Content";
			sourceTree = "<group>";
		};
		1045BC1628608560005D50C1 /* Fergie WatchKit App */ = {
			isa = PBXGroup;
			children = (
				1045BC1728608561005D50C1 /* Assets.xcassets */,
			);
			path = "Fergie WatchKit App";
			sourceTree = "<group>";
		};
		1045BC2128608562005D50C1 /* Fergie WatchKit Extension */ = {
			isa = PBXGroup;
			children = (
				1086B89D2865978200810D7E /* View */,
				1045BC2228608562005D50C1 /* FergieApp.swift */,
				1045BC2428608562005D50C1 /* ContentView.swift */,
				1045BC2628608562005D50C1 /* NotificationController.swift */,
				1045BC2828608562005D50C1 /* NotificationView.swift */,
				1045BC2A28608562005D50C1 /* ComplicationController.swift */,
				1045BC2C28608563005D50C1 /* Assets.xcassets */,
				1045BC3128608563005D50C1 /* Info.plist */,
				1045BC3228608563005D50C1 /* PushNotificationPayload.apns */,
				1045BC2E28608563005D50C1 /* Preview Content */,
			);
			path = "Fergie WatchKit Extension";
			sourceTree = "<group>";
		};
		1045BC2E28608563005D50C1 /* Preview Content */ = {
			isa = PBXGroup;
			children = (
				1045BC2F28608563005D50C1 /* Preview Assets.xcassets */,
			);
			path = "Preview Content";
			sourceTree = "<group>";
		};
		1045BC4028608CF4005D50C1 /* Model */ = {
			isa = PBXGroup;
			children = (
				1045BC7528619EF4005D50C1 /* UserDefaults.swift */,
				5B251F752865AF960073950C /* Accessory.swift */,
				5B251F772865AFF60073950C /* Clothing.swift */,
				5B251F792865B0030073950C /* Pants.swift */,
			);
			path = Model;
			sourceTree = "<group>";
		};
		1045BC4128608CF9005D50C1 /* View */ = {
			isa = PBXGroup;
			children = (
				2B7FB9EB2864A84800CEADAC /* EmptyTaskListCell.swift */,
				2B7FB9EC2864A84800CEADAC /* TaskListCell.swift */,
				2B3F1DDE286B1247005F9E01 /* RepeatModalView.swift */,
				2B3F1DD22865BF82005F9E01 /* RepeatTodayTaskView.swift */,
				2B7FB9ED2864A84800CEADAC /* TaskView.swift */,
				5B2C726428631DE5004F1379 /* Avatar */,
				5B251F73286464490073950C /* OnBoardingView.swift */,
				1058D589286C35FA00BE5325 /* ProgressBar.swift */,
			);
			path = View;
			sourceTree = "<group>";
		};
		1045BC4228608CFC005D50C1 /* ViewModel */ = {
			isa = PBXGroup;
			children = (
				1045BC4B28609886005D50C1 /* TaskViewModel.swift */,
			);
			path = ViewModel;
			sourceTree = "<group>";
		};
		1045BC46286095C9005D50C1 /* Extension */ = {
			isa = PBXGroup;
			children = (
				1045BC47286095DD005D50C1 /* DateExtension.swift */,
			);
			path = Extension;
			sourceTree = "<group>";
		};
		1086B89D2865978200810D7E /* View */ = {
			isa = PBXGroup;
			children = (
				1086B8A22865A77B00810D7E /* Components */,
				1086B89E286597AF00810D7E /* TodayTaskListView.swift */,
				1086B8A02865A42E00810D7E /* FergieMoodView.swift */,
			);
			path = View;
			sourceTree = "<group>";
		};
		1086B8A22865A77B00810D7E /* Components */ = {
			isa = PBXGroup;
			children = (
				1086B8A32865A79300810D7E /* CircularProgressView.swift */,
				1086B8A72865B50A00810D7E /* LinearProgressView.swift */,
				1061A5D5286933B8008F80A7 /* AnimatedImage.swift */,
			);
			path = Components;
			sourceTree = "<group>";
		};
		5B2C726428631DE5004F1379 /* Avatar */ = {
			isa = PBXGroup;
			children = (
				5B2C726528631DFF004F1379 /* AvatarView.swift */,
				5B251F7B2868BF570073950C /* EditAvatarView.swift */,
			);
			path = Avatar;
			sourceTree = "<group>";
		};
/* End PBXGroup section */

/* Begin PBXNativeTarget section */
		1045BC032860855D005D50C1 /* Fergie */ = {
			isa = PBXNativeTarget;
			buildConfigurationList = 1045BC3D28608563005D50C1 /* Build configuration list for PBXNativeTarget "Fergie" */;
			buildPhases = (
				1045BC002860855D005D50C1 /* Sources */,
				1045BC012860855D005D50C1 /* Frameworks */,
				1045BC022860855D005D50C1 /* Resources */,
				1045BC3C28608563005D50C1 /* Embed Watch Content */,
				1061A60E286BC3BC008F80A7 /* Embed App Extensions */,
			);
			buildRules = (
			);
			dependencies = (
				1045BC1528608560005D50C1 /* PBXTargetDependency */,
				1061A60C286BC3BC008F80A7 /* PBXTargetDependency */,
			);
			name = Fergie;
			productName = Fergie;
			productReference = 1045BC042860855D005D50C1 /* Fergie.app */;
			productType = "com.apple.product-type.application";
		};
		1045BC1128608560005D50C1 /* Fergie WatchKit App */ = {
			isa = PBXNativeTarget;
			buildConfigurationList = 1045BC3928608563005D50C1 /* Build configuration list for PBXNativeTarget "Fergie WatchKit App" */;
			buildPhases = (
				1045BC1028608560005D50C1 /* Resources */,
				1045BC3828608563005D50C1 /* Embed App Extensions */,
			);
			buildRules = (
			);
			dependencies = (
				1045BC2028608562005D50C1 /* PBXTargetDependency */,
			);
			name = "Fergie WatchKit App";
			productName = "Fergie WatchKit App";
			productReference = 1045BC1228608560005D50C1 /* Fergie.app */;
			productType = "com.apple.product-type.application.watchapp2";
		};
		1045BC1C28608562005D50C1 /* Fergie WatchKit Extension */ = {
			isa = PBXNativeTarget;
			buildConfigurationList = 1045BC3528608563005D50C1 /* Build configuration list for PBXNativeTarget "Fergie WatchKit Extension" */;
			buildPhases = (
				1045BC1928608562005D50C1 /* Sources */,
				1045BC1A28608562005D50C1 /* Frameworks */,
				1045BC1B28608562005D50C1 /* Resources */,
			);
			buildRules = (
			);
			dependencies = (
			);
			name = "Fergie WatchKit Extension";
			productName = "Fergie WatchKit Extension";
			productReference = 1045BC1D28608562005D50C1 /* Fergie WatchKit Extension.appex */;
			productType = "com.apple.product-type.watchkit2-extension";
		};
		1061A5FE286BC3BB008F80A7 /* FergieWidgetExtension */ = {
			isa = PBXNativeTarget;
			buildConfigurationList = 1061A611286BC3BC008F80A7 /* Build configuration list for PBXNativeTarget "FergieWidgetExtension" */;
			buildPhases = (
				1061A5FB286BC3BB008F80A7 /* Sources */,
				1061A5FC286BC3BB008F80A7 /* Frameworks */,
				1061A5FD286BC3BB008F80A7 /* Resources */,
			);
			buildRules = (
			);
			dependencies = (
			);
			name = FergieWidgetExtension;
			productName = FergieWidgetExtension;
			productReference = 1061A5FF286BC3BB008F80A7 /* FergieWidgetExtension.appex */;
			productType = "com.apple.product-type.app-extension";
		};
/* End PBXNativeTarget section */

/* Begin PBXProject section */
		1045BBFC2860855C005D50C1 /* Project object */ = {
			isa = PBXProject;
			attributes = {
				BuildIndependentTargetsInParallel = 1;
				LastSwiftUpdateCheck = 1340;
				LastUpgradeCheck = 1340;
				TargetAttributes = {
					1045BC032860855D005D50C1 = {
						CreatedOnToolsVersion = 13.4;
					};
					1045BC1128608560005D50C1 = {
						CreatedOnToolsVersion = 13.4;
						LastSwiftMigration = 1340;
					};
					1045BC1C28608562005D50C1 = {
						CreatedOnToolsVersion = 13.4;
					};
					1061A5FE286BC3BB008F80A7 = {
						CreatedOnToolsVersion = 13.4.1;
					};
				};
			};
			buildConfigurationList = 1045BBFF2860855C005D50C1 /* Build configuration list for PBXProject "Fergie" */;
			compatibilityVersion = "Xcode 13.0";
			developmentRegion = en;
			hasScannedForEncodings = 0;
			knownRegions = (
				en,
				Base,
			);
			mainGroup = 1045BBFB2860855C005D50C1;
			productRefGroup = 1045BC052860855D005D50C1 /* Products */;
			projectDirPath = "";
			projectRoot = "";
			targets = (
				1045BC032860855D005D50C1 /* Fergie */,
				1045BC1128608560005D50C1 /* Fergie WatchKit App */,
				1045BC1C28608562005D50C1 /* Fergie WatchKit Extension */,
				1061A5FE286BC3BB008F80A7 /* FergieWidgetExtension */,
			);
		};
/* End PBXProject section */

/* Begin PBXResourcesBuildPhase section */
		1045BC022860855D005D50C1 /* Resources */ = {
			isa = PBXResourcesBuildPhase;
			buildActionMask = 2147483647;
			files = (
				1045BC0F28608560005D50C1 /* Preview Assets.xcassets in Resources */,
				1045BC0C28608560005D50C1 /* Assets.xcassets in Resources */,
			);
			runOnlyForDeploymentPostprocessing = 0;
		};
		1045BC1028608560005D50C1 /* Resources */ = {
			isa = PBXResourcesBuildPhase;
			buildActionMask = 2147483647;
			files = (
				1045BC1828608561005D50C1 /* Assets.xcassets in Resources */,
			);
			runOnlyForDeploymentPostprocessing = 0;
		};
		1045BC1B28608562005D50C1 /* Resources */ = {
			isa = PBXResourcesBuildPhase;
			buildActionMask = 2147483647;
			files = (
				1045BC3028608563005D50C1 /* Preview Assets.xcassets in Resources */,
				1086B8A52865A88D00810D7E /* Assets.xcassets in Resources */,
				1045BC2D28608563005D50C1 /* Assets.xcassets in Resources */,
			);
			runOnlyForDeploymentPostprocessing = 0;
		};
		1061A5FD286BC3BB008F80A7 /* Resources */ = {
			isa = PBXResourcesBuildPhase;
			buildActionMask = 2147483647;
			files = (
				1061A620286BCBD7008F80A7 /* Assets.xcassets in Resources */,
			);
			runOnlyForDeploymentPostprocessing = 0;
		};
/* End PBXResourcesBuildPhase section */

/* Begin PBXSourcesBuildPhase section */
		1045BC002860855D005D50C1 /* Sources */ = {
			isa = PBXSourcesBuildPhase;
			buildActionMask = 2147483647;
			files = (
				2B7FB9EE2864A84800CEADAC /* EmptyTaskListCell.swift in Sources */,
				2B7FB9EF2864A84800CEADAC /* TaskListCell.swift in Sources */,
				1045BC48286095DD005D50C1 /* DateExtension.swift in Sources */,
				2B7FB9F02864A84800CEADAC /* TaskView.swift in Sources */,
				5B251F7C2868BF570073950C /* EditAvatarView.swift in Sources */,
				5B251F7A2865B0030073950C /* Pants.swift in Sources */,
				5B251F762865AF960073950C /* Accessory.swift in Sources */,
				1045BC0A2860855D005D50C1 /* ContentView.swift in Sources */,
				1045BC4C28609886005D50C1 /* TaskViewModel.swift in Sources */,
				2B3F1DD728699F2E005F9E01 /* NotificationManager.swift in Sources */,
				2B3F1DDF286B1247005F9E01 /* RepeatModalView.swift in Sources */,
				1045BC532860A35B005D50C1 /* Persistence.swift in Sources */,
				2B3F1DD32865BF82005F9E01 /* RepeatTodayTaskView.swift in Sources */,
				5B251F782865AFF60073950C /* Clothing.swift in Sources */,
				1045BC082860855D005D50C1 /* FergieApp.swift in Sources */,
				5B251F74286464490073950C /* OnBoardingView.swift in Sources */,
				1045BC7628619EF4005D50C1 /* UserDefaults.swift in Sources */,
				5B2C726628631DFF004F1379 /* AvatarView.swift in Sources */,
				1058D58A286C35FA00BE5325 /* ProgressBar.swift in Sources */,
				1045BC502860A022005D50C1 /* Fergie.xcdatamodeld in Sources */,
			);
			runOnlyForDeploymentPostprocessing = 0;
		};
		1045BC1928608562005D50C1 /* Sources */ = {
			isa = PBXSourcesBuildPhase;
			buildActionMask = 2147483647;
			files = (
				1086B89F286597AF00810D7E /* TodayTaskListView.swift in Sources */,
				1045BC542860A35B005D50C1 /* Persistence.swift in Sources */,
				1045BC49286095DD005D50C1 /* DateExtension.swift in Sources */,
				1045BC2728608562005D50C1 /* NotificationController.swift in Sources */,
				1045BC2528608562005D50C1 /* ContentView.swift in Sources */,
				1045BC2B28608562005D50C1 /* ComplicationController.swift in Sources */,
				1045BC2328608562005D50C1 /* FergieApp.swift in Sources */,
				1045BC7728619EF4005D50C1 /* UserDefaults.swift in Sources */,
				1061A5D6286933B8008F80A7 /* AnimatedImage.swift in Sources */,
				1045BC512860A022005D50C1 /* Fergie.xcdatamodeld in Sources */,
				1045BC4D28609886005D50C1 /* TaskViewModel.swift in Sources */,
				1086B8A82865B50A00810D7E /* LinearProgressView.swift in Sources */,
				1045BC2928608562005D50C1 /* NotificationView.swift in Sources */,
				1086B8A42865A79300810D7E /* CircularProgressView.swift in Sources */,
				1086B8A12865A42E00810D7E /* FergieMoodView.swift in Sources */,
			);
			runOnlyForDeploymentPostprocessing = 0;
		};
		1061A5FB286BC3BB008F80A7 /* Sources */ = {
			isa = PBXSourcesBuildPhase;
			buildActionMask = 2147483647;
			files = (
				1061A607286BC3BB008F80A7 /* FergieWidget.swift in Sources */,
				1061A621286BD28B008F80A7 /* DateExtension.swift in Sources */,
				1061A61E286BC782008F80A7 /* TaskViewModel.swift in Sources */,
				1061A613286BC3EA008F80A7 /* Fergie.xcdatamodeld in Sources */,
				1061A61C286BC626008F80A7 /* FergieWidgetView.swift in Sources */,
				1061A614286BC3FC008F80A7 /* UserDefaults.swift in Sources */,
				1061A61D286BC6B0008F80A7 /* Persistence.swift in Sources */,
			);
			runOnlyForDeploymentPostprocessing = 0;
		};
/* End PBXSourcesBuildPhase section */

/* Begin PBXTargetDependency section */
		1045BC1528608560005D50C1 /* PBXTargetDependency */ = {
			isa = PBXTargetDependency;
			target = 1045BC1128608560005D50C1 /* Fergie WatchKit App */;
			targetProxy = 1045BC1428608560005D50C1 /* PBXContainerItemProxy */;
		};
		1045BC2028608562005D50C1 /* PBXTargetDependency */ = {
			isa = PBXTargetDependency;
			target = 1045BC1C28608562005D50C1 /* Fergie WatchKit Extension */;
			targetProxy = 1045BC1F28608562005D50C1 /* PBXContainerItemProxy */;
		};
		1061A60C286BC3BC008F80A7 /* PBXTargetDependency */ = {
			isa = PBXTargetDependency;
			target = 1061A5FE286BC3BB008F80A7 /* FergieWidgetExtension */;
			targetProxy = 1061A60B286BC3BC008F80A7 /* PBXContainerItemProxy */;
		};
/* End PBXTargetDependency section */

/* Begin XCBuildConfiguration section */
		1045BC3328608563005D50C1 /* Debug */ = {
			isa = XCBuildConfiguration;
			buildSettings = {
				ALWAYS_SEARCH_USER_PATHS = NO;
				CLANG_ANALYZER_NONNULL = YES;
				CLANG_ANALYZER_NUMBER_OBJECT_CONVERSION = YES_AGGRESSIVE;
				CLANG_CXX_LANGUAGE_STANDARD = "gnu++17";
				CLANG_ENABLE_MODULES = YES;
				CLANG_ENABLE_OBJC_ARC = YES;
				CLANG_ENABLE_OBJC_WEAK = YES;
				CLANG_WARN_BLOCK_CAPTURE_AUTORELEASING = YES;
				CLANG_WARN_BOOL_CONVERSION = YES;
				CLANG_WARN_COMMA = YES;
				CLANG_WARN_CONSTANT_CONVERSION = YES;
				CLANG_WARN_DEPRECATED_OBJC_IMPLEMENTATIONS = YES;
				CLANG_WARN_DIRECT_OBJC_ISA_USAGE = YES_ERROR;
				CLANG_WARN_DOCUMENTATION_COMMENTS = YES;
				CLANG_WARN_EMPTY_BODY = YES;
				CLANG_WARN_ENUM_CONVERSION = YES;
				CLANG_WARN_INFINITE_RECURSION = YES;
				CLANG_WARN_INT_CONVERSION = YES;
				CLANG_WARN_NON_LITERAL_NULL_CONVERSION = YES;
				CLANG_WARN_OBJC_IMPLICIT_RETAIN_SELF = YES;
				CLANG_WARN_OBJC_LITERAL_CONVERSION = YES;
				CLANG_WARN_OBJC_ROOT_CLASS = YES_ERROR;
				CLANG_WARN_QUOTED_INCLUDE_IN_FRAMEWORK_HEADER = YES;
				CLANG_WARN_RANGE_LOOP_ANALYSIS = YES;
				CLANG_WARN_STRICT_PROTOTYPES = YES;
				CLANG_WARN_SUSPICIOUS_MOVE = YES;
				CLANG_WARN_UNGUARDED_AVAILABILITY = YES_AGGRESSIVE;
				CLANG_WARN_UNREACHABLE_CODE = YES;
				CLANG_WARN__DUPLICATE_METHOD_MATCH = YES;
				COPY_PHASE_STRIP = NO;
				DEBUG_INFORMATION_FORMAT = dwarf;
				ENABLE_STRICT_OBJC_MSGSEND = YES;
				ENABLE_TESTABILITY = YES;
				GCC_C_LANGUAGE_STANDARD = gnu11;
				GCC_DYNAMIC_NO_PIC = NO;
				GCC_NO_COMMON_BLOCKS = YES;
				GCC_OPTIMIZATION_LEVEL = 0;
				GCC_PREPROCESSOR_DEFINITIONS = (
					"DEBUG=1",
					"$(inherited)",
				);
				GCC_WARN_64_TO_32_BIT_CONVERSION = YES;
				GCC_WARN_ABOUT_RETURN_TYPE = YES_ERROR;
				GCC_WARN_UNDECLARED_SELECTOR = YES;
				GCC_WARN_UNINITIALIZED_AUTOS = YES_AGGRESSIVE;
				GCC_WARN_UNUSED_FUNCTION = YES;
				GCC_WARN_UNUSED_VARIABLE = YES;
				MTL_ENABLE_DEBUG_INFO = INCLUDE_SOURCE;
				MTL_FAST_MATH = YES;
				ONLY_ACTIVE_ARCH = YES;
				SWIFT_ACTIVE_COMPILATION_CONDITIONS = DEBUG;
				SWIFT_OPTIMIZATION_LEVEL = "-Onone";
			};
			name = Debug;
		};
		1045BC3428608563005D50C1 /* Release */ = {
			isa = XCBuildConfiguration;
			buildSettings = {
				ALWAYS_SEARCH_USER_PATHS = NO;
				CLANG_ANALYZER_NONNULL = YES;
				CLANG_ANALYZER_NUMBER_OBJECT_CONVERSION = YES_AGGRESSIVE;
				CLANG_CXX_LANGUAGE_STANDARD = "gnu++17";
				CLANG_ENABLE_MODULES = YES;
				CLANG_ENABLE_OBJC_ARC = YES;
				CLANG_ENABLE_OBJC_WEAK = YES;
				CLANG_WARN_BLOCK_CAPTURE_AUTORELEASING = YES;
				CLANG_WARN_BOOL_CONVERSION = YES;
				CLANG_WARN_COMMA = YES;
				CLANG_WARN_CONSTANT_CONVERSION = YES;
				CLANG_WARN_DEPRECATED_OBJC_IMPLEMENTATIONS = YES;
				CLANG_WARN_DIRECT_OBJC_ISA_USAGE = YES_ERROR;
				CLANG_WARN_DOCUMENTATION_COMMENTS = YES;
				CLANG_WARN_EMPTY_BODY = YES;
				CLANG_WARN_ENUM_CONVERSION = YES;
				CLANG_WARN_INFINITE_RECURSION = YES;
				CLANG_WARN_INT_CONVERSION = YES;
				CLANG_WARN_NON_LITERAL_NULL_CONVERSION = YES;
				CLANG_WARN_OBJC_IMPLICIT_RETAIN_SELF = YES;
				CLANG_WARN_OBJC_LITERAL_CONVERSION = YES;
				CLANG_WARN_OBJC_ROOT_CLASS = YES_ERROR;
				CLANG_WARN_QUOTED_INCLUDE_IN_FRAMEWORK_HEADER = YES;
				CLANG_WARN_RANGE_LOOP_ANALYSIS = YES;
				CLANG_WARN_STRICT_PROTOTYPES = YES;
				CLANG_WARN_SUSPICIOUS_MOVE = YES;
				CLANG_WARN_UNGUARDED_AVAILABILITY = YES_AGGRESSIVE;
				CLANG_WARN_UNREACHABLE_CODE = YES;
				CLANG_WARN__DUPLICATE_METHOD_MATCH = YES;
				COPY_PHASE_STRIP = NO;
				DEBUG_INFORMATION_FORMAT = "dwarf-with-dsym";
				ENABLE_NS_ASSERTIONS = NO;
				ENABLE_STRICT_OBJC_MSGSEND = YES;
				GCC_C_LANGUAGE_STANDARD = gnu11;
				GCC_NO_COMMON_BLOCKS = YES;
				GCC_WARN_64_TO_32_BIT_CONVERSION = YES;
				GCC_WARN_ABOUT_RETURN_TYPE = YES_ERROR;
				GCC_WARN_UNDECLARED_SELECTOR = YES;
				GCC_WARN_UNINITIALIZED_AUTOS = YES_AGGRESSIVE;
				GCC_WARN_UNUSED_FUNCTION = YES;
				GCC_WARN_UNUSED_VARIABLE = YES;
				MTL_ENABLE_DEBUG_INFO = NO;
				MTL_FAST_MATH = YES;
				SWIFT_COMPILATION_MODE = wholemodule;
				SWIFT_OPTIMIZATION_LEVEL = "-O";
			};
			name = Release;
		};
		1045BC3628608563005D50C1 /* Debug */ = {
			isa = XCBuildConfiguration;
			buildSettings = {
				ASSETCATALOG_COMPILER_COMPLICATION_NAME = Complication;
				CODE_SIGN_STYLE = Automatic;
				CURRENT_PROJECT_VERSION = 1;
				DEVELOPMENT_ASSET_PATHS = "\"Fergie WatchKit Extension/Preview Content\"";
				DEVELOPMENT_TEAM = X3D8UM28XD;
				ENABLE_PREVIEWS = YES;
				GENERATE_INFOPLIST_FILE = YES;
				INFOPLIST_FILE = "Fergie WatchKit Extension/Info.plist";
				INFOPLIST_KEY_CFBundleDisplayName = "Fergie WatchKit Extension";
				INFOPLIST_KEY_CLKComplicationPrincipalClass = "$(PRODUCT_MODULE_NAME).ComplicationController";
				INFOPLIST_KEY_NSHumanReadableCopyright = "";
				INFOPLIST_KEY_WKRunsIndependentlyOfCompanionApp = YES;
				LD_RUNPATH_SEARCH_PATHS = (
					"$(inherited)",
					"@executable_path/Frameworks",
					"@executable_path/../../Frameworks",
				);
				MARKETING_VERSION = 1.0;
				PRODUCT_BUNDLE_IDENTIFIER = com.shrall.Fergie.watchkitapp.watchkitextension;
				PRODUCT_NAME = "${TARGET_NAME}";
				SDKROOT = watchos;
				SKIP_INSTALL = YES;
				SWIFT_EMIT_LOC_STRINGS = YES;
				SWIFT_VERSION = 5.0;
				TARGETED_DEVICE_FAMILY = 4;
				WATCHOS_DEPLOYMENT_TARGET = 8.5;
			};
			name = Debug;
		};
		1045BC3728608563005D50C1 /* Release */ = {
			isa = XCBuildConfiguration;
			buildSettings = {
				ASSETCATALOG_COMPILER_COMPLICATION_NAME = Complication;
				CODE_SIGN_STYLE = Automatic;
				CURRENT_PROJECT_VERSION = 1;
				DEVELOPMENT_ASSET_PATHS = "\"Fergie WatchKit Extension/Preview Content\"";
				DEVELOPMENT_TEAM = X3D8UM28XD;
				ENABLE_PREVIEWS = YES;
				GENERATE_INFOPLIST_FILE = YES;
				INFOPLIST_FILE = "Fergie WatchKit Extension/Info.plist";
				INFOPLIST_KEY_CFBundleDisplayName = "Fergie WatchKit Extension";
				INFOPLIST_KEY_CLKComplicationPrincipalClass = "$(PRODUCT_MODULE_NAME).ComplicationController";
				INFOPLIST_KEY_NSHumanReadableCopyright = "";
				INFOPLIST_KEY_WKRunsIndependentlyOfCompanionApp = YES;
				LD_RUNPATH_SEARCH_PATHS = (
					"$(inherited)",
					"@executable_path/Frameworks",
					"@executable_path/../../Frameworks",
				);
				MARKETING_VERSION = 1.0;
				PRODUCT_BUNDLE_IDENTIFIER = com.shrall.Fergie.watchkitapp.watchkitextension;
				PRODUCT_NAME = "${TARGET_NAME}";
				SDKROOT = watchos;
				SKIP_INSTALL = YES;
				SWIFT_EMIT_LOC_STRINGS = YES;
				SWIFT_VERSION = 5.0;
				TARGETED_DEVICE_FAMILY = 4;
				VALIDATE_PRODUCT = YES;
				WATCHOS_DEPLOYMENT_TARGET = 8.5;
			};
			name = Release;
		};
		1045BC3A28608563005D50C1 /* Debug */ = {
			isa = XCBuildConfiguration;
			buildSettings = {
				ALWAYS_EMBED_SWIFT_STANDARD_LIBRARIES = YES;
				ASSETCATALOG_COMPILER_APPICON_NAME = AppIcon;
				ASSETCATALOG_COMPILER_GLOBAL_ACCENT_COLOR_NAME = AccentColor;
				CLANG_ENABLE_MODULES = YES;
				CODE_SIGN_STYLE = Automatic;
				CURRENT_PROJECT_VERSION = 1;
				DEVELOPMENT_TEAM = X3D8UM28XD;
				GENERATE_INFOPLIST_FILE = YES;
				IBSC_MODULE = Fergie_WatchKit_Extension;
				INFOPLIST_KEY_UISupportedInterfaceOrientations = "UIInterfaceOrientationPortrait UIInterfaceOrientationPortraitUpsideDown";
				INFOPLIST_KEY_WKCompanionAppBundleIdentifier = com.shrall.Fergie;
				LD_RUNPATH_SEARCH_PATHS = (
					"$(inherited)",
					"@executable_path/../Frameworks",
					"@loader_path/../Frameworks",
				);
				MARKETING_VERSION = 1.0;
				PRODUCT_BUNDLE_IDENTIFIER = com.shrall.Fergie.watchkitapp;
				PRODUCT_NAME = Fergie;
				SDKROOT = watchos;
				SKIP_INSTALL = YES;
				SWIFT_EMIT_LOC_STRINGS = YES;
				SWIFT_OPTIMIZATION_LEVEL = "-Onone";
				SWIFT_VERSION = 5.0;
				TARGETED_DEVICE_FAMILY = 4;
				WATCHOS_DEPLOYMENT_TARGET = 8.5;
			};
			name = Debug;
		};
		1045BC3B28608563005D50C1 /* Release */ = {
			isa = XCBuildConfiguration;
			buildSettings = {
				ALWAYS_EMBED_SWIFT_STANDARD_LIBRARIES = YES;
				ASSETCATALOG_COMPILER_APPICON_NAME = AppIcon;
				ASSETCATALOG_COMPILER_GLOBAL_ACCENT_COLOR_NAME = AccentColor;
				CLANG_ENABLE_MODULES = YES;
				CODE_SIGN_STYLE = Automatic;
				CURRENT_PROJECT_VERSION = 1;
				DEVELOPMENT_TEAM = X3D8UM28XD;
				GENERATE_INFOPLIST_FILE = YES;
				IBSC_MODULE = Fergie_WatchKit_Extension;
				INFOPLIST_KEY_UISupportedInterfaceOrientations = "UIInterfaceOrientationPortrait UIInterfaceOrientationPortraitUpsideDown";
				INFOPLIST_KEY_WKCompanionAppBundleIdentifier = com.shrall.Fergie;
				LD_RUNPATH_SEARCH_PATHS = (
					"$(inherited)",
					"@executable_path/../Frameworks",
					"@loader_path/../Frameworks",
				);
				MARKETING_VERSION = 1.0;
				PRODUCT_BUNDLE_IDENTIFIER = com.shrall.Fergie.watchkitapp;
				PRODUCT_NAME = Fergie;
				SDKROOT = watchos;
				SKIP_INSTALL = YES;
				SWIFT_EMIT_LOC_STRINGS = YES;
				SWIFT_VERSION = 5.0;
				TARGETED_DEVICE_FAMILY = 4;
				VALIDATE_PRODUCT = YES;
				WATCHOS_DEPLOYMENT_TARGET = 8.5;
			};
			name = Release;
		};
		1045BC3E28608563005D50C1 /* Debug */ = {
			isa = XCBuildConfiguration;
			buildSettings = {
				ALWAYS_EMBED_SWIFT_STANDARD_LIBRARIES = YES;
				ASSETCATALOG_COMPILER_APPICON_NAME = AppIcon;
				ASSETCATALOG_COMPILER_GLOBAL_ACCENT_COLOR_NAME = AccentColor;
				CODE_SIGN_ENTITLEMENTS = Fergie/Fergie.entitlements;
				CODE_SIGN_STYLE = Automatic;
				CURRENT_PROJECT_VERSION = 1;
				DEVELOPMENT_ASSET_PATHS = "\"Fergie/Preview Content\"";
				DEVELOPMENT_TEAM = X3D8UM28XD;
				ENABLE_PREVIEWS = YES;
				GENERATE_INFOPLIST_FILE = YES;
				INFOPLIST_KEY_UIApplicationSceneManifest_Generation = YES;
				INFOPLIST_KEY_UIApplicationSupportsIndirectInputEvents = YES;
				INFOPLIST_KEY_UILaunchScreen_Generation = YES;
				INFOPLIST_KEY_UISupportedInterfaceOrientations_iPad = "UIInterfaceOrientationPortrait UIInterfaceOrientationPortraitUpsideDown UIInterfaceOrientationLandscapeLeft UIInterfaceOrientationLandscapeRight";
				INFOPLIST_KEY_UISupportedInterfaceOrientations_iPhone = "UIInterfaceOrientationPortrait UIInterfaceOrientationLandscapeLeft UIInterfaceOrientationLandscapeRight";
				IPHONEOS_DEPLOYMENT_TARGET = 15.5;
				LD_RUNPATH_SEARCH_PATHS = (
					"$(inherited)",
					"@executable_path/Frameworks",
				);
				MARKETING_VERSION = 1.0;
				PRODUCT_BUNDLE_IDENTIFIER = com.shrall.Fergie;
				PRODUCT_NAME = "$(TARGET_NAME)";
				SDKROOT = iphoneos;
				SWIFT_EMIT_LOC_STRINGS = YES;
				SWIFT_VERSION = 5.0;
				TARGETED_DEVICE_FAMILY = "1,2";
			};
			name = Debug;
		};
		1045BC3F28608563005D50C1 /* Release */ = {
			isa = XCBuildConfiguration;
			buildSettings = {
				ALWAYS_EMBED_SWIFT_STANDARD_LIBRARIES = YES;
				ASSETCATALOG_COMPILER_APPICON_NAME = AppIcon;
				ASSETCATALOG_COMPILER_GLOBAL_ACCENT_COLOR_NAME = AccentColor;
				CODE_SIGN_ENTITLEMENTS = Fergie/Fergie.entitlements;
				CODE_SIGN_STYLE = Automatic;
				CURRENT_PROJECT_VERSION = 1;
				DEVELOPMENT_ASSET_PATHS = "\"Fergie/Preview Content\"";
				DEVELOPMENT_TEAM = X3D8UM28XD;
				ENABLE_PREVIEWS = YES;
				GENERATE_INFOPLIST_FILE = YES;
				INFOPLIST_KEY_UIApplicationSceneManifest_Generation = YES;
				INFOPLIST_KEY_UIApplicationSupportsIndirectInputEvents = YES;
				INFOPLIST_KEY_UILaunchScreen_Generation = YES;
				INFOPLIST_KEY_UISupportedInterfaceOrientations_iPad = "UIInterfaceOrientationPortrait UIInterfaceOrientationPortraitUpsideDown UIInterfaceOrientationLandscapeLeft UIInterfaceOrientationLandscapeRight";
				INFOPLIST_KEY_UISupportedInterfaceOrientations_iPhone = "UIInterfaceOrientationPortrait UIInterfaceOrientationLandscapeLeft UIInterfaceOrientationLandscapeRight";
				IPHONEOS_DEPLOYMENT_TARGET = 15.5;
				LD_RUNPATH_SEARCH_PATHS = (
					"$(inherited)",
					"@executable_path/Frameworks",
				);
				MARKETING_VERSION = 1.0;
				PRODUCT_BUNDLE_IDENTIFIER = com.shrall.Fergie;
				PRODUCT_NAME = "$(TARGET_NAME)";
				SDKROOT = iphoneos;
				SWIFT_EMIT_LOC_STRINGS = YES;
				SWIFT_VERSION = 5.0;
				TARGETED_DEVICE_FAMILY = "1,2";
				VALIDATE_PRODUCT = YES;
			};
			name = Release;
		};
		1061A60F286BC3BC008F80A7 /* Debug */ = {
			isa = XCBuildConfiguration;
			buildSettings = {
				ASSETCATALOG_COMPILER_GLOBAL_ACCENT_COLOR_NAME = AccentColor;
				ASSETCATALOG_COMPILER_WIDGET_BACKGROUND_COLOR_NAME = WidgetBackground;
				CODE_SIGN_STYLE = Automatic;
				CURRENT_PROJECT_VERSION = 1;
				DEVELOPMENT_TEAM = X3D8UM28XD;
				GENERATE_INFOPLIST_FILE = YES;
				INFOPLIST_FILE = FergieWidget/Info.plist;
				INFOPLIST_KEY_CFBundleDisplayName = FergieWidget;
				INFOPLIST_KEY_NSHumanReadableCopyright = "";
				IPHONEOS_DEPLOYMENT_TARGET = 15.5;
				LD_RUNPATH_SEARCH_PATHS = (
					"$(inherited)",
					"@executable_path/Frameworks",
					"@executable_path/../../Frameworks",
				);
				MARKETING_VERSION = 1.0;
				PRODUCT_BUNDLE_IDENTIFIER = com.shrall.Fergie.FergieWidget;
				PRODUCT_NAME = "$(TARGET_NAME)";
				SDKROOT = iphoneos;
				SKIP_INSTALL = YES;
				SWIFT_EMIT_LOC_STRINGS = YES;
				SWIFT_VERSION = 5.0;
				TARGETED_DEVICE_FAMILY = "1,2";
			};
			name = Debug;
		};
		1061A610286BC3BC008F80A7 /* Release */ = {
			isa = XCBuildConfiguration;
			buildSettings = {
				ASSETCATALOG_COMPILER_GLOBAL_ACCENT_COLOR_NAME = AccentColor;
				ASSETCATALOG_COMPILER_WIDGET_BACKGROUND_COLOR_NAME = WidgetBackground;
				CODE_SIGN_STYLE = Automatic;
				CURRENT_PROJECT_VERSION = 1;
				DEVELOPMENT_TEAM = X3D8UM28XD;
				GENERATE_INFOPLIST_FILE = YES;
				INFOPLIST_FILE = FergieWidget/Info.plist;
				INFOPLIST_KEY_CFBundleDisplayName = FergieWidget;
				INFOPLIST_KEY_NSHumanReadableCopyright = "";
				IPHONEOS_DEPLOYMENT_TARGET = 15.5;
				LD_RUNPATH_SEARCH_PATHS = (
					"$(inherited)",
					"@executable_path/Frameworks",
					"@executable_path/../../Frameworks",
				);
				MARKETING_VERSION = 1.0;
				PRODUCT_BUNDLE_IDENTIFIER = com.shrall.Fergie.FergieWidget;
				PRODUCT_NAME = "$(TARGET_NAME)";
				SDKROOT = iphoneos;
				SKIP_INSTALL = YES;
				SWIFT_EMIT_LOC_STRINGS = YES;
				SWIFT_VERSION = 5.0;
				TARGETED_DEVICE_FAMILY = "1,2";
				VALIDATE_PRODUCT = YES;
			};
			name = Release;
		};
/* End XCBuildConfiguration section */

/* Begin XCConfigurationList section */
		1045BBFF2860855C005D50C1 /* Build configuration list for PBXProject "Fergie" */ = {
			isa = XCConfigurationList;
			buildConfigurations = (
				1045BC3328608563005D50C1 /* Debug */,
				1045BC3428608563005D50C1 /* Release */,
			);
			defaultConfigurationIsVisible = 0;
			defaultConfigurationName = Release;
		};
		1045BC3528608563005D50C1 /* Build configuration list for PBXNativeTarget "Fergie WatchKit Extension" */ = {
			isa = XCConfigurationList;
			buildConfigurations = (
				1045BC3628608563005D50C1 /* Debug */,
				1045BC3728608563005D50C1 /* Release */,
			);
			defaultConfigurationIsVisible = 0;
			defaultConfigurationName = Release;
		};
		1045BC3928608563005D50C1 /* Build configuration list for PBXNativeTarget "Fergie WatchKit App" */ = {
			isa = XCConfigurationList;
			buildConfigurations = (
				1045BC3A28608563005D50C1 /* Debug */,
				1045BC3B28608563005D50C1 /* Release */,
			);
			defaultConfigurationIsVisible = 0;
			defaultConfigurationName = Release;
		};
		1045BC3D28608563005D50C1 /* Build configuration list for PBXNativeTarget "Fergie" */ = {
			isa = XCConfigurationList;
			buildConfigurations = (
				1045BC3E28608563005D50C1 /* Debug */,
				1045BC3F28608563005D50C1 /* Release */,
			);
			defaultConfigurationIsVisible = 0;
			defaultConfigurationName = Release;
		};
		1061A611286BC3BC008F80A7 /* Build configuration list for PBXNativeTarget "FergieWidgetExtension" */ = {
			isa = XCConfigurationList;
			buildConfigurations = (
				1061A60F286BC3BC008F80A7 /* Debug */,
				1061A610286BC3BC008F80A7 /* Release */,
			);
			defaultConfigurationIsVisible = 0;
			defaultConfigurationName = Release;
		};
/* End XCConfigurationList section */

/* Begin XCVersionGroup section */
		1045BC4E2860A022005D50C1 /* Fergie.xcdatamodeld */ = {
			isa = XCVersionGroup;
			children = (
				1045BC4F2860A022005D50C1 /* Fergie.xcdatamodel */,
			);
			currentVersion = 1045BC4F2860A022005D50C1 /* Fergie.xcdatamodel */;
			path = Fergie.xcdatamodeld;
			sourceTree = "<group>";
			versionGroupType = wrapper.xcdatamodel;
		};
/* End XCVersionGroup section */
	};
	rootObject = 1045BBFC2860855C005D50C1 /* Project object */;
}
